
Microsoft Visual Studio Solution File, Format Version 12.00
# Visual Studio Version 16
VisualStudioVersion = 16.0.30804.86
MinimumVisualStudioVersion = 10.0.40219.1
Project("{9A19103F-16F7-4668-BE54-9A1E7A4F7556}") = "CourseWork3", "CourseWork3\CourseWork3.csproj", "{221779FE-34F0-43FC-AB2E-C7E7B89FC728}"
EndProject
Project("{FAE04EC0-301F-11D3-BF4B-00C04F79EFBC}") = "OpenTK3Test", "OpenTK3Test\OpenTK3Test.csproj", "{73C06EB8-1012-4826-89BC-DDF365A1B251}"
EndProject
Project("{9A19103F-16F7-4668-BE54-9A1E7A4F7556}") = "OpenTK4Test", "OpenTK4Test\OpenTK4Test.csproj", "{15BA1B85-8A4D-4243-9B82-48BA698C5D19}"
EndProject
Project("{FAE04EC0-301F-11D3-BF4B-00C04F79EFBC}") = "ExpressionBuilder", "ExpressionHelper\ExpressionBuilder.csproj", "{904E6F89-A692-4D19-929A-E2F93C2EA5A0}"
EndProject
Global
	GlobalSection(SolutionConfigurationPlatforms) = preSolution
		Debug|Any CPU = Debug|Any CPU
		Release|Any CPU = Release|Any CPU
	EndGlobalSection
	GlobalSection(ProjectConfigurationPlatforms) = postSolution
		{221779FE-34F0-43FC-AB2E-C7E7B89FC728}.Debug|Any CPU.ActiveCfg = Debug|Any CPU
		{221779FE-34F0-43FC-AB2E-C7E7B89FC728}.Debug|Any CPU.Build.0 = Debug|Any CPU
		{221779FE-34F0-43FC-AB2E-C7E7B89FC728}.Release|Any CPU.ActiveCfg = Release|Any CPU
		{221779FE-34F0-43FC-AB2E-C7E7B89FC728}.Release|Any CPU.Build.0 = Release|Any CPU
		{73C06EB8-1012-4826-89BC-DDF365A1B251}.Debug|Any CPU.ActiveCfg = Debug|Any CPU
		{73C06EB8-1012-4826-89BC-DDF365A1B251}.Debug|Any CPU.Build.0 = Debug|Any CPU
		{73C06EB8-1012-4826-89BC-DDF365A1B251}.Release|Any CPU.ActiveCfg = Release|Any CPU
		{73C06EB8-1012-4826-89BC-DDF365A1B251}.Release|Any CPU.Build.0 = Release|Any CPU
		{15BA1B85-8A4D-4243-9B82-48BA698C5D19}.Debug|Any CPU.ActiveCfg = Debug|Any CPU
		{15BA1B85-8A4D-4243-9B82-48BA698C5D19}.Debug|Any CPU.Build.0 = Debug|Any CPU
		{15BA1B85-8A4D-4243-9B82-48BA698C5D19}.Release|Any CPU.ActiveCfg = Release|Any CPU
		{15BA1B85-8A4D-4243-9B82-48BA698C5D19}.Release|Any CPU.Build.0 = Release|Any CPU
		{904E6F89-A692-4D19-929A-E2F93C2EA5A0}.Debug|Any CPU.ActiveCfg = Debug|Any CPU
		{904E6F89-A692-4D19-929A-E2F93C2EA5A0}.Debug|Any CPU.Build.0 = Debug|Any CPU
		{904E6F89-A692-4D19-929A-E2F93C2EA5A0}.Release|Any CPU.ActiveCfg = Release|Any CPU
		{904E6F89-A692-4D19-929A-E2F93C2EA5A0}.Release|Any CPU.Build.0 = Release|Any CPU
	EndGlobalSection
	GlobalSection(SolutionProperties) = preSolution
		HideSolutionNode = FALSE
	EndGlobalSection
	GlobalSection(ExtensibilityGlobals) = postSolution
		SolutionGuid = {3E8D56F3-024B-47D1-88F3-D9DB14EBF18C}
	EndGlobalSection
EndGlobal
